
Microsoft Visual Studio Solution File, Format Version 12.00
# Visual Studio 2015
Project("{FAE04EC0-301F-11D3-BF4B-00C04F79EFBC}") = "Polluto.CSharp", "Polluto.CSharp.csproj", "{901E0C97-BE07-E9AE-F3FA-47D52C309946}"
EndProject
Global
	GlobalSection(SolutionConfigurationPlatforms) = preSolution
		Debug|Any CPU = Debug|Any CPU
		Release|Any CPU = Release|Any CPU
	EndGlobalSection
	GlobalSection(ProjectConfigurationPlatforms) = postSolution
		{901E0C97-BE07-E9AE-F3FA-47D52C309946}.Debug|Any CPU.ActiveCfg = Debug|Any CPU
		{901E0C97-BE07-E9AE-F3FA-47D52C309946}.Debug|Any CPU.Build.0 = Debug|Any CPU
		{901E0C97-BE07-E9AE-F3FA-47D52C309946}.Release|Any CPU.ActiveCfg = Release|Any CPU
		{901E0C97-BE07-E9AE-F3FA-47D52C309946}.Release|Any CPU.Build.0 = Release|Any CPU
	EndGlobalSection
	GlobalSection(SolutionProperties) = preSolution
		HideSolutionNode = FALSE
	EndGlobalSection
EndGlobal
