Microsoft Visual Studio Solution File, Format Version 11.00
# Visual Studio 2008

Project("{605B7486-FC4E-0F9A-E8F3-7C85CFC641BF}") = "Polluto", "Assembly-CSharp-firstpass.csproj", "{34089E55-B480-1DA9-F6DB-6D0C3FCE7009}"
EndProject
Project("{605B7486-FC4E-0F9A-E8F3-7C85CFC641BF}") = "Polluto", "Assembly-CSharp.csproj", "{8F4E674E-CC5C-21F1-90B0-5D415CEDF855}"
EndProject
Project("{605B7486-FC4E-0F9A-E8F3-7C85CFC641BF}") = "Polluto", "Assembly-CSharp-Editor.csproj", "{DDBEE97A-551B-0618-6619-AB53828F5ADC}"
EndProject
Global
	GlobalSection(SolutionConfigurationPlatforms) = preSolution
		Debug|Any CPU = Debug|Any CPU
		Release|Any CPU = Release|Any CPU
	EndGlobalSection
	GlobalSection(ProjectConfigurationPlatforms) = postSolution
		{34089E55-B480-1DA9-F6DB-6D0C3FCE7009}.Debug|Any CPU.ActiveCfg = Debug|Any CPU
		{34089E55-B480-1DA9-F6DB-6D0C3FCE7009}.Debug|Any CPU.Build.0 = Debug|Any CPU
		{34089E55-B480-1DA9-F6DB-6D0C3FCE7009}.Release|Any CPU.ActiveCfg = Release|Any CPU
		{34089E55-B480-1DA9-F6DB-6D0C3FCE7009}.Release|Any CPU.Build.0 = Release|Any CPU
		{8F4E674E-CC5C-21F1-90B0-5D415CEDF855}.Debug|Any CPU.ActiveCfg = Debug|Any CPU
		{8F4E674E-CC5C-21F1-90B0-5D415CEDF855}.Debug|Any CPU.Build.0 = Debug|Any CPU
		{8F4E674E-CC5C-21F1-90B0-5D415CEDF855}.Release|Any CPU.ActiveCfg = Release|Any CPU
		{8F4E674E-CC5C-21F1-90B0-5D415CEDF855}.Release|Any CPU.Build.0 = Release|Any CPU
		{DDBEE97A-551B-0618-6619-AB53828F5ADC}.Debug|Any CPU.ActiveCfg = Debug|Any CPU
		{DDBEE97A-551B-0618-6619-AB53828F5ADC}.Debug|Any CPU.Build.0 = Debug|Any CPU
		{DDBEE97A-551B-0618-6619-AB53828F5ADC}.Release|Any CPU.ActiveCfg = Release|Any CPU
		{DDBEE97A-551B-0618-6619-AB53828F5ADC}.Release|Any CPU.Build.0 = Release|Any CPU
	EndGlobalSection
	GlobalSection(SolutionProperties) = preSolution
		HideSolutionNode = FALSE
	EndGlobalSection
												GlobalSection(MonoDevelopProperties) = preSolution
		StartupItem = Assembly-CSharp.csproj
		Policies = $0
		$0.TextStylePolicy = $1
		$1.inheritsSet = null
		$1.scope = text/x-csharp
		$0.CSharpFormattingPolicy = $2
		$2.inheritsSet = Mono
		$2.inheritsScope = text/x-csharp
		$2.scope = text/x-csharp
		$0.TextStylePolicy = $3
		$3.FileWidth = 120
		$3.TabWidth = 4
		$3.IndentWidth = 4
		$3.EolMarker = Unix
		$3.inheritsSet = Mono
		$3.inheritsScope = text/plain
		$3.scope = text/plain
	EndGlobalSection

EndGlobal
