
Microsoft Visual Studio Solution File, Format Version 12.00
# Visual Studio 2015
Project("{FAE04EC0-301F-11D3-BF4B-00C04F79EFBC}") = "Polluto.CSharp.Plugins", "Polluto.CSharp.Plugins.csproj", "{C29DC13F-7029-4CFA-6A9B-53FEBD9586CC}"
EndProject
Project("{FAE04EC0-301F-11D3-BF4B-00C04F79EFBC}") = "Polluto.CSharp", "Polluto.CSharp.csproj", "{901E0C97-BE07-E9AE-F3FA-47D52C309946}"
EndProject
Project("{FAE04EC0-301F-11D3-BF4B-00C04F79EFBC}") = "Polluto.CSharp.Editor", "Polluto.CSharp.Editor.csproj", "{7CA8B53A-44B5-BEA0-46B3-59C6C53A5AC3}"
EndProject
Global
	GlobalSection(SolutionConfigurationPlatforms) = preSolution
		Debug|Any CPU = Debug|Any CPU
		Release|Any CPU = Release|Any CPU
	EndGlobalSection
	GlobalSection(ProjectConfigurationPlatforms) = postSolution
		{C29DC13F-7029-4CFA-6A9B-53FEBD9586CC}.Debug|Any CPU.ActiveCfg = Debug|Any CPU
		{C29DC13F-7029-4CFA-6A9B-53FEBD9586CC}.Debug|Any CPU.Build.0 = Debug|Any CPU
		{C29DC13F-7029-4CFA-6A9B-53FEBD9586CC}.Release|Any CPU.ActiveCfg = Release|Any CPU
		{C29DC13F-7029-4CFA-6A9B-53FEBD9586CC}.Release|Any CPU.Build.0 = Release|Any CPU
		{901E0C97-BE07-E9AE-F3FA-47D52C309946}.Debug|Any CPU.ActiveCfg = Debug|Any CPU
		{901E0C97-BE07-E9AE-F3FA-47D52C309946}.Debug|Any CPU.Build.0 = Debug|Any CPU
		{901E0C97-BE07-E9AE-F3FA-47D52C309946}.Release|Any CPU.ActiveCfg = Release|Any CPU
		{901E0C97-BE07-E9AE-F3FA-47D52C309946}.Release|Any CPU.Build.0 = Release|Any CPU
		{7CA8B53A-44B5-BEA0-46B3-59C6C53A5AC3}.Debug|Any CPU.ActiveCfg = Debug|Any CPU
		{7CA8B53A-44B5-BEA0-46B3-59C6C53A5AC3}.Debug|Any CPU.Build.0 = Debug|Any CPU
		{7CA8B53A-44B5-BEA0-46B3-59C6C53A5AC3}.Release|Any CPU.ActiveCfg = Release|Any CPU
		{7CA8B53A-44B5-BEA0-46B3-59C6C53A5AC3}.Release|Any CPU.Build.0 = Release|Any CPU
	EndGlobalSection
	GlobalSection(SolutionProperties) = preSolution
		HideSolutionNode = FALSE
	EndGlobalSection
EndGlobal
